
Microsoft Visual Studio Solution File, Format Version 12.00
# Visual Studio Version 16
VisualStudioVersion = 16.0.31624.102
MinimumVisualStudioVersion = 10.0.40219.1
Project("{FAE04EC0-301F-11D3-BF4B-00C04F79EFBC}") = "AlmacenRopa", "AlmacenRopa\AlmacenRopa.csproj", "{77516C08-2D48-4F12-B737-D610534CE1FE}"
EndProject
Global
	GlobalSection(SolutionConfigurationPlatforms) = preSolution
		Debug|Any CPU = Debug|Any CPU
		Release|Any CPU = Release|Any CPU
	EndGlobalSection
	GlobalSection(ProjectConfigurationPlatforms) = postSolution
		{77516C08-2D48-4F12-B737-D610534CE1FE}.Debug|Any CPU.ActiveCfg = Debug|Any CPU
		{77516C08-2D48-4F12-B737-D610534CE1FE}.Debug|Any CPU.Build.0 = Debug|Any CPU
		{77516C08-2D48-4F12-B737-D610534CE1FE}.Release|Any CPU.ActiveCfg = Release|Any CPU
		{77516C08-2D48-4F12-B737-D610534CE1FE}.Release|Any CPU.Build.0 = Release|Any CPU
	EndGlobalSection
	GlobalSection(SolutionProperties) = preSolution
		HideSolutionNode = FALSE
	EndGlobalSection
	GlobalSection(ExtensibilityGlobals) = postSolution
		SolutionGuid = {27D5D50F-E59D-41DC-A8F3-7ED9C645C3B4}
	EndGlobalSection
EndGlobal
